// !$*UTF8*$!
{
	archiveVersion = 1;
	classes = {
	};
	objectVersion = 46;
	objects = {

/* Begin PBXBuildFile section */
		73123D0C19F963B3006C9DAE /* OpenGL.framework in Frameworks */ = {isa = PBXBuildFile; fileRef = 73123D0B19F963B3006C9DAE /* OpenGL.framework */; };
		7370905E1A2FF99D0038CBDE /* libLeap.dylib in Frameworks */ = {isa = PBXBuildFile; fileRef = 7370905D1A2FF99D0038CBDE /* libLeap.dylib */; };
		7370905F1A2FF9C50038CBDE /* libLeap.dylib in CopyFiles */ = {isa = PBXBuildFile; fileRef = 7370905D1A2FF99D0038CBDE /* libLeap.dylib */; settings = {ATTRIBUTES = (CodeSignOnCopy, ); }; };
		73BC98381A13231D00C4EDC2 /* App.cpp in Sources */ = {isa = PBXBuildFile; fileRef = 73BC98341A13231D00C4EDC2 /* App.cpp */; };
		73BC98391A13231D00C4EDC2 /* main.cpp in Sources */ = {isa = PBXBuildFile; fileRef = 73BC98371A13231D00C4EDC2 /* main.cpp */; };
		73BC98411A13239500C4EDC2 /* SDL2.framework in Frameworks */ = {isa = PBXBuildFile; fileRef = 73BC98401A13239500C4EDC2 /* SDL2.framework */; };
		73BC98441A13258A00C4EDC2 /* util.cpp in Sources */ = {isa = PBXBuildFile; fileRef = 73BC98421A13258A00C4EDC2 /* util.cpp */; };
		73BC98451A1325B700C4EDC2 /* fragment.fsl in CopyFiles */ = {isa = PBXBuildFile; fileRef = 73BC983A1A13233800C4EDC2 /* fragment.fsl */; };
		73BC98461A1325C900C4EDC2 /* vertex.vsl in CopyFiles */ = {isa = PBXBuildFile; fileRef = 73BC983B1A13233800C4EDC2 /* vertex.vsl */; };
		73BC98481A13263600C4EDC2 /* SDL2.framework in CopyFiles */ = {isa = PBXBuildFile; fileRef = 73BC98401A13239500C4EDC2 /* SDL2.framework */; settings = {ATTRIBUTES = (CodeSignOnCopy, RemoveHeadersOnCopy, ); }; };
/* End PBXBuildFile section */

/* Begin PBXCopyFilesBuildPhase section */
		733A0D7F19FED1F000144084 /* CopyFiles */ = {
			isa = PBXCopyFilesBuildPhase;
			buildActionMask = 2147483647;
			dstPath = "";
			dstSubfolderSpec = 6;
			files = (
				73BC98461A1325C900C4EDC2 /* vertex.vsl in CopyFiles */,
				73BC98451A1325B700C4EDC2 /* fragment.fsl in CopyFiles */,
			);
			runOnlyForDeploymentPostprocessing = 0;
		};
		739B093319F870BF002B5A71 /* CopyFiles */ = {
			isa = PBXCopyFilesBuildPhase;
			buildActionMask = 12;
			dstPath = "";
			dstSubfolderSpec = 6;
			files = (
				7370905F1A2FF9C50038CBDE /* libLeap.dylib in CopyFiles */,
			);
			runOnlyForDeploymentPostprocessing = 0;
		};
		739B094C19F87D4A002B5A71 /* CopyFiles */ = {
			isa = PBXCopyFilesBuildPhase;
			buildActionMask = 2147483647;
			dstPath = "";
			dstSubfolderSpec = 10;
			files = (
				73BC98481A13263600C4EDC2 /* SDL2.framework in CopyFiles */,
			);
			runOnlyForDeploymentPostprocessing = 0;
		};
/* End PBXCopyFilesBuildPhase section */

/* Begin PBXFileReference section */
		73123D0B19F963B3006C9DAE /* OpenGL.framework */ = {isa = PBXFileReference; lastKnownFileType = wrapper.framework; name = OpenGL.framework; path = System/Library/Frameworks/OpenGL.framework; sourceTree = SDKROOT; };
		7370905D1A2FF99D0038CBDE /* libLeap.dylib */ = {isa = PBXFileReference; lastKnownFileType = "compiled.mach-o.dylib"; name = libLeap.dylib; path = ../external/LeapSDK/lib/libLeap.dylib; sourceTree = "<group>"; };
		739B093519F870BF002B5A71 /* VRHello */ = {isa = PBXFileReference; explicitFileType = "compiled.mach-o.executable"; includeInIndex = 0; path = VRHello; sourceTree = BUILT_PRODUCTS_DIR; };
		73BC98341A13231D00C4EDC2 /* App.cpp */ = {isa = PBXFileReference; fileEncoding = 4; lastKnownFileType = sourcecode.cpp.cpp; name = App.cpp; path = source/App.cpp; sourceTree = SOURCE_ROOT; };
		73BC98351A13231D00C4EDC2 /* App.h */ = {isa = PBXFileReference; fileEncoding = 4; lastKnownFileType = sourcecode.c.h; name = App.h; path = source/App.h; sourceTree = SOURCE_ROOT; };
		73BC98361A13231D00C4EDC2 /* Log.h */ = {isa = PBXFileReference; fileEncoding = 4; lastKnownFileType = sourcecode.c.h; name = Log.h; path = source/Log.h; sourceTree = SOURCE_ROOT; };
		73BC98371A13231D00C4EDC2 /* main.cpp */ = {isa = PBXFileReference; fileEncoding = 4; lastKnownFileType = sourcecode.cpp.cpp; name = main.cpp; path = source/main.cpp; sourceTree = SOURCE_ROOT; };
		73BC983A1A13233800C4EDC2 /* fragment.fsl */ = {isa = PBXFileReference; lastKnownFileType = text; name = fragment.fsl; path = source/shaders/fragment.fsl; sourceTree = SOURCE_ROOT; };
		73BC983B1A13233800C4EDC2 /* vertex.vsl */ = {isa = PBXFileReference; lastKnownFileType = text; name = vertex.vsl; path = source/shaders/vertex.vsl; sourceTree = SOURCE_ROOT; };
		73BC983C1A13235D00C4EDC2 /* Leap.h */ = {isa = PBXFileReference; lastKnownFileType = sourcecode.c.h; name = Leap.h; path = source/Leap.h; sourceTree = SOURCE_ROOT; };
		73BC983D1A13235D00C4EDC2 /* LeapMath.h */ = {isa = PBXFileReference; lastKnownFileType = sourcecode.c.h; name = LeapMath.h; path = source/LeapMath.h; sourceTree = SOURCE_ROOT; };
		73BC98401A13239500C4EDC2 /* SDL2.framework */ = {isa = PBXFileReference; lastKnownFileType = wrapper.framework; name = SDL2.framework; path = external/SDL2.framework; sourceTree = "<group>"; };
		73BC98421A13258A00C4EDC2 /* util.cpp */ = {isa = PBXFileReference; fileEncoding = 4; lastKnownFileType = sourcecode.cpp.cpp; name = util.cpp; path = source/util.cpp; sourceTree = SOURCE_ROOT; };
		73BC98431A13258A00C4EDC2 /* util.h */ = {isa = PBXFileReference; fileEncoding = 4; lastKnownFileType = sourcecode.c.h; name = util.h; path = source/util.h; sourceTree = SOURCE_ROOT; };
/* End PBXFileReference section */

/* Begin PBXFrameworksBuildPhase section */
		739B093219F870BF002B5A71 /* Frameworks */ = {
			isa = PBXFrameworksBuildPhase;
			buildActionMask = 2147483647;
			files = (
				7370905E1A2FF99D0038CBDE /* libLeap.dylib in Frameworks */,
				73BC98411A13239500C4EDC2 /* SDL2.framework in Frameworks */,
				73123D0C19F963B3006C9DAE /* OpenGL.framework in Frameworks */,
			);
			runOnlyForDeploymentPostprocessing = 0;
		};
/* End PBXFrameworksBuildPhase section */

/* Begin PBXGroup section */
		733A0D7E19FECF3D00144084 /* Shaders */ = {
			isa = PBXGroup;
			children = (
				73BC983A1A13233800C4EDC2 /* fragment.fsl */,
				73BC983B1A13233800C4EDC2 /* vertex.vsl */,
			);
			name = Shaders;
			sourceTree = "<group>";
		};
		739B092C19F870BF002B5A71 = {
			isa = PBXGroup;
			children = (
				739B093719F870BF002B5A71 /* VRHello */,
				739B094419F87199002B5A71 /* LeapSDK */,
				739B094119F870D9002B5A71 /* Frameworks */,
				739B093619F870BF002B5A71 /* Products */,
			);
			sourceTree = "<group>";
		};
		739B093619F870BF002B5A71 /* Products */ = {
			isa = PBXGroup;
			children = (
				739B093519F870BF002B5A71 /* VRHello */,
			);
			name = Products;
			sourceTree = "<group>";
		};
		739B093719F870BF002B5A71 /* VRHello */ = {
			isa = PBXGroup;
			children = (
				73BC98341A13231D00C4EDC2 /* App.cpp */,
				73BC98351A13231D00C4EDC2 /* App.h */,
				73BC98361A13231D00C4EDC2 /* Log.h */,
				73BC98371A13231D00C4EDC2 /* main.cpp */,
				73BC98421A13258A00C4EDC2 /* util.cpp */,
				73BC98431A13258A00C4EDC2 /* util.h */,
				733A0D7E19FECF3D00144084 /* Shaders */,
			);
			path = VRHello;
			sourceTree = "<group>";
		};
		739B094119F870D9002B5A71 /* Frameworks */ = {
			isa = PBXGroup;
			children = (
				73BC98401A13239500C4EDC2 /* SDL2.framework */,
				73123D0B19F963B3006C9DAE /* OpenGL.framework */,
			);
			name = Frameworks;
			sourceTree = "<group>";
		};
		739B094419F87199002B5A71 /* LeapSDK */ = {
			isa = PBXGroup;
			children = (
				73BC983C1A13235D00C4EDC2 /* Leap.h */,
				73BC983D1A13235D00C4EDC2 /* LeapMath.h */,
				7370905D1A2FF99D0038CBDE /* libLeap.dylib */,
			);
			name = LeapSDK;
			path = VRHello;
			sourceTree = "<group>";
		};
/* End PBXGroup section */

/* Begin PBXNativeTarget section */
		739B093419F870BF002B5A71 /* VRHello */ = {
			isa = PBXNativeTarget;
			buildConfigurationList = 739B093C19F870BF002B5A71 /* Build configuration list for PBXNativeTarget "VRHello" */;
			buildPhases = (
				739B093119F870BF002B5A71 /* Sources */,
				739B093219F870BF002B5A71 /* Frameworks */,
				739B093319F870BF002B5A71 /* CopyFiles */,
				739B094C19F87D4A002B5A71 /* CopyFiles */,
				733A0D7F19FED1F000144084 /* CopyFiles */,
			);
			buildRules = (
			);
			dependencies = (
			);
			name = VRHello;
			productName = VRHello;
			productReference = 739B093519F870BF002B5A71 /* VRHello */;
			productType = "com.apple.product-type.tool";
		};
/* End PBXNativeTarget section */

/* Begin PBXProject section */
		739B092D19F870BF002B5A71 /* Project object */ = {
			isa = PBXProject;
			attributes = {
				LastUpgradeCheck = 0600;
				ORGANIZATIONNAME = "Leap Motion, Inc";
				TargetAttributes = {
					739B093419F870BF002B5A71 = {
						CreatedOnToolsVersion = 6.0.1;
					};
				};
			};
			buildConfigurationList = 739B093019F870BF002B5A71 /* Build configuration list for PBXProject "VRHello" */;
			compatibilityVersion = "Xcode 3.2";
			developmentRegion = English;
			hasScannedForEncodings = 0;
			knownRegions = (
				en,
			);
			mainGroup = 739B092C19F870BF002B5A71;
			productRefGroup = 739B093619F870BF002B5A71 /* Products */;
			projectDirPath = "";
			projectRoot = "";
			targets = (
				739B093419F870BF002B5A71 /* VRHello */,
			);
		};
/* End PBXProject section */

/* Begin PBXSourcesBuildPhase section */
		739B093119F870BF002B5A71 /* Sources */ = {
			isa = PBXSourcesBuildPhase;
			buildActionMask = 2147483647;
			files = (
				73BC98391A13231D00C4EDC2 /* main.cpp in Sources */,
				73BC98381A13231D00C4EDC2 /* App.cpp in Sources */,
				73BC98441A13258A00C4EDC2 /* util.cpp in Sources */,
			);
			runOnlyForDeploymentPostprocessing = 0;
		};
/* End PBXSourcesBuildPhase section */

/* Begin XCBuildConfiguration section */
		739B093A19F870BF002B5A71 /* Debug */ = {
			isa = XCBuildConfiguration;
			buildSettings = {
				ALWAYS_SEARCH_USER_PATHS = NO;
				CLANG_CXX_LANGUAGE_STANDARD = "gnu++0x";
				CLANG_CXX_LIBRARY = "libc++";
				CLANG_ENABLE_MODULES = YES;
				CLANG_ENABLE_OBJC_ARC = YES;
				CLANG_WARN_BOOL_CONVERSION = YES;
				CLANG_WARN_CONSTANT_CONVERSION = YES;
				CLANG_WARN_DIRECT_OBJC_ISA_USAGE = YES_ERROR;
				CLANG_WARN_EMPTY_BODY = YES;
				CLANG_WARN_ENUM_CONVERSION = YES;
				CLANG_WARN_INT_CONVERSION = YES;
				CLANG_WARN_OBJC_ROOT_CLASS = YES_ERROR;
				CLANG_WARN_UNREACHABLE_CODE = YES;
				CLANG_WARN__DUPLICATE_METHOD_MATCH = YES;
				COPY_PHASE_STRIP = NO;
				ENABLE_STRICT_OBJC_MSGSEND = YES;
				GCC_C_LANGUAGE_STANDARD = gnu99;
				GCC_DYNAMIC_NO_PIC = NO;
				GCC_OPTIMIZATION_LEVEL = 0;
				GCC_PREPROCESSOR_DEFINITIONS = (
					"DEBUG=1",
					"$(inherited)",
				);
				GCC_SYMBOLS_PRIVATE_EXTERN = NO;
				GCC_WARN_64_TO_32_BIT_CONVERSION = YES;
				GCC_WARN_ABOUT_RETURN_TYPE = YES_ERROR;
				GCC_WARN_UNDECLARED_SELECTOR = YES;
				GCC_WARN_UNINITIALIZED_AUTOS = YES_AGGRESSIVE;
				GCC_WARN_UNUSED_FUNCTION = YES;
				GCC_WARN_UNUSED_VARIABLE = YES;
				MACOSX_DEPLOYMENT_TARGET = 10.9;
				MTL_ENABLE_DEBUG_INFO = YES;
				ONLY_ACTIVE_ARCH = YES;
				SDKROOT = macosx;
			};
			name = Debug;
		};
		739B093B19F870BF002B5A71 /* Release */ = {
			isa = XCBuildConfiguration;
			buildSettings = {
				ALWAYS_SEARCH_USER_PATHS = NO;
				CLANG_CXX_LANGUAGE_STANDARD = "gnu++0x";
				CLANG_CXX_LIBRARY = "libc++";
				CLANG_ENABLE_MODULES = YES;
				CLANG_ENABLE_OBJC_ARC = YES;
				CLANG_WARN_BOOL_CONVERSION = YES;
				CLANG_WARN_CONSTANT_CONVERSION = YES;
				CLANG_WARN_DIRECT_OBJC_ISA_USAGE = YES_ERROR;
				CLANG_WARN_EMPTY_BODY = YES;
				CLANG_WARN_ENUM_CONVERSION = YES;
				CLANG_WARN_INT_CONVERSION = YES;
				CLANG_WARN_OBJC_ROOT_CLASS = YES_ERROR;
				CLANG_WARN_UNREACHABLE_CODE = YES;
				CLANG_WARN__DUPLICATE_METHOD_MATCH = YES;
				COPY_PHASE_STRIP = YES;
				DEBUG_INFORMATION_FORMAT = "dwarf-with-dsym";
				ENABLE_NS_ASSERTIONS = NO;
				ENABLE_STRICT_OBJC_MSGSEND = YES;
				GCC_C_LANGUAGE_STANDARD = gnu99;
				GCC_WARN_64_TO_32_BIT_CONVERSION = YES;
				GCC_WARN_ABOUT_RETURN_TYPE = YES_ERROR;
				GCC_WARN_UNDECLARED_SELECTOR = YES;
				GCC_WARN_UNINITIALIZED_AUTOS = YES_AGGRESSIVE;
				GCC_WARN_UNUSED_FUNCTION = YES;
				GCC_WARN_UNUSED_VARIABLE = YES;
				MACOSX_DEPLOYMENT_TARGET = 10.9;
				MTL_ENABLE_DEBUG_INFO = NO;
				SDKROOT = macosx;
			};
			name = Release;
		};
		739B093D19F870BF002B5A71 /* Debug */ = {
			isa = XCBuildConfiguration;
			buildSettings = {
				ALWAYS_SEARCH_USER_PATHS = YES;
				CLANG_CXX_LANGUAGE_STANDARD = "c++0x";
				FRAMEWORK_SEARCH_PATHS = (
					"$(inherited)",
					"$(PROJECT_DIR)/**",
					"$(PROJECT_DIR)/VRHello/VRHello/**",
					"$(PROJECT_DIR)/VRHello",
					"$(PROJECT_DIR)/external",
				);
				HEADER_SEARCH_PATHS = (
					"$(inherited)",
					/Applications/Xcode.app/Contents/Developer/Toolchains/XcodeDefault.xctoolchain/usr/include,
					"$(PROJECT_DIR)/external/SDL2.framework/Headers",
					"$(PROJECT_DIR)/source/**",
				);
				LIBRARY_SEARCH_PATHS = (
					"$(inherited)",
					"$(PROJECT_DIR)",
					"$(PROJECT_DIR)/external/LeapSDK/lib/libc++",
					"$(PROJECT_DIR)/external/LeapSDK/lib",
				);
				PRODUCT_NAME = "$(TARGET_NAME)";
			};
			name = Debug;
		};
		739B093E19F870BF002B5A71 /* Release */ = {
			isa = XCBuildConfiguration;
			buildSettings = {
				ALWAYS_SEARCH_USER_PATHS = YES;
				CLANG_CXX_LANGUAGE_STANDARD = "c++0x";
				FRAMEWORK_SEARCH_PATHS = (
					"$(inherited)",
					"$(PROJECT_DIR)/**",
					"$(PROJECT_DIR)/VRHello/VRHello/**",
					"$(PROJECT_DIR)/VRHello",
					"$(PROJECT_DIR)/external",
				);
				HEADER_SEARCH_PATHS = (
					"$(inherited)",
					/Applications/Xcode.app/Contents/Developer/Toolchains/XcodeDefault.xctoolchain/usr/include,
					"$(PROJECT_DIR)/external/SDL2.framework/Headers",
					"$(PROJECT_DIR)/source/**",
				);
				LIBRARY_SEARCH_PATHS = (
					"$(inherited)",
					"$(PROJECT_DIR)",
					"$(PROJECT_DIR)/external/LeapSDK/lib/libc++",
					"$(PROJECT_DIR)/external/LeapSDK/lib",
				);
				PRODUCT_NAME = "$(TARGET_NAME)";
			};
			name = Release;
		};
/* End XCBuildConfiguration section */

/* Begin XCConfigurationList section */
		739B093019F870BF002B5A71 /* Build configuration list for PBXProject "VRHello" */ = {
			isa = XCConfigurationList;
			buildConfigurations = (
				739B093A19F870BF002B5A71 /* Debug */,
				739B093B19F870BF002B5A71 /* Release */,
			);
			defaultConfigurationIsVisible = 0;
			defaultConfigurationName = Release;
		};
		739B093C19F870BF002B5A71 /* Build configuration list for PBXNativeTarget "VRHello" */ = {
			isa = XCConfigurationList;
			buildConfigurations = (
				739B093D19F870BF002B5A71 /* Debug */,
				739B093E19F870BF002B5A71 /* Release */,
			);
			defaultConfigurationIsVisible = 0;
			defaultConfigurationName = Release;
		};
/* End XCConfigurationList section */
	};
	rootObject = 739B092D19F870BF002B5A71 /* Project object */;
}
